
Microsoft Visual Studio Solution File, Format Version 12.00
# Visual Studio Version 16
VisualStudioVersion = 16.0.30128.74
MinimumVisualStudioVersion = 10.0.40219.1
Project("{9A19103F-16F7-4668-BE54-9A1E7A4F7556}") = "Example", "Example\Example.csproj", "{8F02E699-47BB-4955-A64B-82A03F82D746}"
EndProject
Project("{9A19103F-16F7-4668-BE54-9A1E7A4F7556}") = "ComProtocol", "ComProtocol\ComProtocol.csproj", "{201F98C8-776E-4827-A4FB-42A22735E7B9}"
EndProject
Global
	GlobalSection(SolutionConfigurationPlatforms) = preSolution
		Debug|Any CPU = Debug|Any CPU
		Release|Any CPU = Release|Any CPU
	EndGlobalSection
	GlobalSection(ProjectConfigurationPlatforms) = postSolution
		{8F02E699-47BB-4955-A64B-82A03F82D746}.Debug|Any CPU.ActiveCfg = Debug|Any CPU
		{8F02E699-47BB-4955-A64B-82A03F82D746}.Debug|Any CPU.Build.0 = Debug|Any CPU
		{8F02E699-47BB-4955-A64B-82A03F82D746}.Release|Any CPU.ActiveCfg = Release|Any CPU
		{8F02E699-47BB-4955-A64B-82A03F82D746}.Release|Any CPU.Build.0 = Release|Any CPU
		{201F98C8-776E-4827-A4FB-42A22735E7B9}.Debug|Any CPU.ActiveCfg = Debug|Any CPU
		{201F98C8-776E-4827-A4FB-42A22735E7B9}.Debug|Any CPU.Build.0 = Debug|Any CPU
		{201F98C8-776E-4827-A4FB-42A22735E7B9}.Release|Any CPU.ActiveCfg = Release|Any CPU
		{201F98C8-776E-4827-A4FB-42A22735E7B9}.Release|Any CPU.Build.0 = Release|Any CPU
	EndGlobalSection
	GlobalSection(SolutionProperties) = preSolution
		HideSolutionNode = FALSE
	EndGlobalSection
	GlobalSection(ExtensibilityGlobals) = postSolution
		SolutionGuid = {2C505246-8DA9-40CE-8586-EB01392A1AC1}
	EndGlobalSection
EndGlobal
